
Microsoft Visual Studio Solution File, Format Version 12.00
# Visual Studio 2013
VisualStudioVersion = 12.0.21005.1
MinimumVisualStudioVersion = 10.0.40219.1
Project("{FAE04EC0-301F-11D3-BF4B-00C04F79EFBC}") = "RemoteProvisioningProjectExtension", "RemoteProvisioningProjectExtension\RemoteProvisioningProjectExtension.csproj", "{6FD8EEA1-F9F6-4A6A-BA9D-C571047D6920}"
EndProject
Project("{FAE04EC0-301F-11D3-BF4B-00C04F79EFBC}") = "RemoteProvisioningAddIn", "RemoteProvisioningAddIn\RemoteProvisioningAddIn.csproj", "{556E48E0-687E-4886-8624-E52C9AF015F6}"
EndProject
Project("{FAE04EC0-301F-11D3-BF4B-00C04F79EFBC}") = "RemoteProvisioningEventReceiver", "RemoteProvisioningEventReceiver\RemoteProvisioningEventReceiver.csproj", "{34E3BC42-2A04-45E0-9FE1-CB516FBDA932}"
EndProject
Global
	GlobalSection(SolutionConfigurationPlatforms) = preSolution
		Debug|Any CPU = Debug|Any CPU
		Release|Any CPU = Release|Any CPU
	EndGlobalSection
	GlobalSection(ProjectConfigurationPlatforms) = postSolution
		{6FD8EEA1-F9F6-4A6A-BA9D-C571047D6920}.Debug|Any CPU.ActiveCfg = Debug|Any CPU
		{6FD8EEA1-F9F6-4A6A-BA9D-C571047D6920}.Debug|Any CPU.Build.0 = Debug|Any CPU
		{6FD8EEA1-F9F6-4A6A-BA9D-C571047D6920}.Release|Any CPU.ActiveCfg = Release|Any CPU
		{6FD8EEA1-F9F6-4A6A-BA9D-C571047D6920}.Release|Any CPU.Build.0 = Release|Any CPU
		{556E48E0-687E-4886-8624-E52C9AF015F6}.Debug|Any CPU.ActiveCfg = Debug|Any CPU
		{556E48E0-687E-4886-8624-E52C9AF015F6}.Debug|Any CPU.Build.0 = Debug|Any CPU
		{556E48E0-687E-4886-8624-E52C9AF015F6}.Release|Any CPU.ActiveCfg = Release|Any CPU
		{556E48E0-687E-4886-8624-E52C9AF015F6}.Release|Any CPU.Build.0 = Release|Any CPU
		{34E3BC42-2A04-45E0-9FE1-CB516FBDA932}.Debug|Any CPU.ActiveCfg = Debug|Any CPU
		{34E3BC42-2A04-45E0-9FE1-CB516FBDA932}.Debug|Any CPU.Build.0 = Debug|Any CPU
		{34E3BC42-2A04-45E0-9FE1-CB516FBDA932}.Release|Any CPU.ActiveCfg = Release|Any CPU
		{34E3BC42-2A04-45E0-9FE1-CB516FBDA932}.Release|Any CPU.Build.0 = Release|Any CPU
	EndGlobalSection
	GlobalSection(SolutionProperties) = preSolution
		HideSolutionNode = FALSE
	EndGlobalSection
EndGlobal
